// !$*UTF8*$!
{
	archiveVersion = 1;
	classes = {
	};
	objectVersion = 48;
	objects = {

/* Begin PBXBuildFile section */
		5E868A6A20027FA90000B38C /* AppDelegate.swift in Sources */ = {isa = PBXBuildFile; fileRef = 5E868A6920027FA90000B38C /* AppDelegate.swift */; };
		5E868A6C20027FA90000B38C /* ViewController.swift in Sources */ = {isa = PBXBuildFile; fileRef = 5E868A6B20027FA90000B38C /* ViewController.swift */; };
		5E868A6F20027FA90000B38C /* Main.storyboard in Resources */ = {isa = PBXBuildFile; fileRef = 5E868A6D20027FA90000B38C /* Main.storyboard */; };
		5E868A7120027FA90000B38C /* Assets.xcassets in Resources */ = {isa = PBXBuildFile; fileRef = 5E868A7020027FA90000B38C /* Assets.xcassets */; };
		5E868A7420027FA90000B38C /* LaunchScreen.storyboard in Resources */ = {isa = PBXBuildFile; fileRef = 5E868A7220027FA90000B38C /* LaunchScreen.storyboard */; };
		5E868A7C20027FE50000B38C /* LongShot.framework in Frameworks */ = {isa = PBXBuildFile; fileRef = 5E868A7B20027FE50000B38C /* LongShot.framework */; };
		5E868A7D20027FE50000B38C /* LongShot.framework in Embed Frameworks */ = {isa = PBXBuildFile; fileRef = 5E868A7B20027FE50000B38C /* LongShot.framework */; settings = {ATTRIBUTES = (CodeSignOnCopy, RemoveHeadersOnCopy, ); }; };
/* End PBXBuildFile section */

/* Begin PBXCopyFilesBuildPhase section */
		5E868A7E20027FE50000B38C /* Embed Frameworks */ = {
			isa = PBXCopyFilesBuildPhase;
			buildActionMask = 2147483647;
			dstPath = "";
			dstSubfolderSpec = 10;
			files = (
				5E868A7D20027FE50000B38C /* LongShot.framework in Embed Frameworks */,
			);
			name = "Embed Frameworks";
			runOnlyForDeploymentPostprocessing = 0;
		};
/* End PBXCopyFilesBuildPhase section */

/* Begin PBXFileReference section */
		5E868A6620027FA90000B38C /* LongShotApp.app */ = {isa = PBXFileReference; explicitFileType = wrapper.application; includeInIndex = 0; path = LongShotApp.app; sourceTree = BUILT_PRODUCTS_DIR; };
		5E868A6920027FA90000B38C /* AppDelegate.swift */ = {isa = PBXFileReference; lastKnownFileType = sourcecode.swift; path = AppDelegate.swift; sourceTree = "<group>"; };
		5E868A6B20027FA90000B38C /* ViewController.swift */ = {isa = PBXFileReference; lastKnownFileType = sourcecode.swift; path = ViewController.swift; sourceTree = "<group>"; };
		5E868A6E20027FA90000B38C /* Base */ = {isa = PBXFileReference; lastKnownFileType = file.storyboard; name = Base; path = Base.lproj/Main.storyboard; sourceTree = "<group>"; };
		5E868A7020027FA90000B38C /* Assets.xcassets */ = {isa = PBXFileReference; lastKnownFileType = folder.assetcatalog; path = Assets.xcassets; sourceTree = "<group>"; };
		5E868A7320027FA90000B38C /* Base */ = {isa = PBXFileReference; lastKnownFileType = file.storyboard; name = Base; path = Base.lproj/LaunchScreen.storyboard; sourceTree = "<group>"; };
		5E868A7520027FA90000B38C /* Info.plist */ = {isa = PBXFileReference; lastKnownFileType = text.plist.xml; path = Info.plist; sourceTree = "<group>"; };
		5E868A7B20027FE50000B38C /* LongShot.framework */ = {isa = PBXFileReference; explicitFileType = wrapper.framework; path = LongShot.framework; sourceTree = BUILT_PRODUCTS_DIR; };
/* End PBXFileReference section */

/* Begin PBXFrameworksBuildPhase section */
		5E868A6320027FA90000B38C /* Frameworks */ = {
			isa = PBXFrameworksBuildPhase;
			buildActionMask = 2147483647;
			files = (
				5E868A7C20027FE50000B38C /* LongShot.framework in Frameworks */,
			);
			runOnlyForDeploymentPostprocessing = 0;
		};
/* End PBXFrameworksBuildPhase section */

/* Begin PBXGroup section */
		5E868A5D20027FA90000B38C = {
			isa = PBXGroup;
			children = (
				5E868A7B20027FE50000B38C /* LongShot.framework */,
				5E868A6820027FA90000B38C /* LongShotApp */,
				5E868A6720027FA90000B38C /* Products */,
			);
			sourceTree = "<group>";
		};
		5E868A6720027FA90000B38C /* Products */ = {
			isa = PBXGroup;
			children = (
				5E868A6620027FA90000B38C /* LongShotApp.app */,
			);
			name = Products;
			sourceTree = "<group>";
		};
		5E868A6820027FA90000B38C /* LongShotApp */ = {
			isa = PBXGroup;
			children = (
				5E868A6920027FA90000B38C /* AppDelegate.swift */,
				5E868A6B20027FA90000B38C /* ViewController.swift */,
				5E868A6D20027FA90000B38C /* Main.storyboard */,
				5E868A7020027FA90000B38C /* Assets.xcassets */,
				5E868A7220027FA90000B38C /* LaunchScreen.storyboard */,
				5E868A7520027FA90000B38C /* Info.plist */,
			);
			path = LongShotApp;
			sourceTree = "<group>";
		};
/* End PBXGroup section */

/* Begin PBXNativeTarget section */
		5E868A6520027FA90000B38C /* LongShotApp */ = {
			isa = PBXNativeTarget;
			buildConfigurationList = 5E868A7820027FA90000B38C /* Build configuration list for PBXNativeTarget "LongShotApp" */;
			buildPhases = (
				5E868A6220027FA90000B38C /* Sources */,
				5E868A6320027FA90000B38C /* Frameworks */,
				5E868A6420027FA90000B38C /* Resources */,
				5E868A7E20027FE50000B38C /* Embed Frameworks */,
			);
			buildRules = (
			);
			dependencies = (
			);
			name = LongShotApp;
			productName = LongShotApp;
			productReference = 5E868A6620027FA90000B38C /* LongShotApp.app */;
			productType = "com.apple.product-type.application";
		};
/* End PBXNativeTarget section */

/* Begin PBXProject section */
		5E868A5E20027FA90000B38C /* Project object */ = {
			isa = PBXProject;
			attributes = {
				LastSwiftUpdateCheck = 0920;
				LastUpgradeCheck = 0920;
				ORGANIZATIONNAME = XIO;
				TargetAttributes = {
					5E868A6520027FA90000B38C = {
						CreatedOnToolsVersion = 9.2;
						ProvisioningStyle = Automatic;
					};
				};
			};
			buildConfigurationList = 5E868A6120027FA90000B38C /* Build configuration list for PBXProject "LongShotApp" */;
			compatibilityVersion = "Xcode 8.0";
			developmentRegion = en;
			hasScannedForEncodings = 0;
			knownRegions = (
				en,
				Base,
			);
			mainGroup = 5E868A5D20027FA90000B38C;
			productRefGroup = 5E868A6720027FA90000B38C /* Products */;
			projectDirPath = "";
			projectRoot = "";
			targets = (
				5E868A6520027FA90000B38C /* LongShotApp */,
			);
		};
/* End PBXProject section */

/* Begin PBXResourcesBuildPhase section */
		5E868A6420027FA90000B38C /* Resources */ = {
			isa = PBXResourcesBuildPhase;
			buildActionMask = 2147483647;
			files = (
				5E868A7420027FA90000B38C /* LaunchScreen.storyboard in Resources */,
				5E868A7120027FA90000B38C /* Assets.xcassets in Resources */,
				5E868A6F20027FA90000B38C /* Main.storyboard in Resources */,
			);
			runOnlyForDeploymentPostprocessing = 0;
		};
/* End PBXResourcesBuildPhase section */

/* Begin PBXSourcesBuildPhase section */
		5E868A6220027FA90000B38C /* Sources */ = {
			isa = PBXSourcesBuildPhase;
			buildActionMask = 2147483647;
			files = (
				5E868A6C20027FA90000B38C /* ViewController.swift in Sources */,
				5E868A6A20027FA90000B38C /* AppDelegate.swift in Sources */,
			);
			runOnlyForDeploymentPostprocessing = 0;
		};
/* End PBXSourcesBuildPhase section */

/* Begin PBXVariantGroup section */
		5E868A6D20027FA90000B38C /* Main.storyboard */ = {
			isa = PBXVariantGroup;
			children = (
				5E868A6E20027FA90000B38C /* Base */,
			);
			name = Main.storyboard;
			sourceTree = "<group>";
		};
		5E868A7220027FA90000B38C /* LaunchScreen.storyboard */ = {
			isa = PBXVariantGroup;
			children = (
				5E868A7320027FA90000B38C /* Base */,
			);
			name = LaunchScreen.storyboard;
			sourceTree = "<group>";
		};
/* End PBXVariantGroup section */

/* Begin XCBuildConfiguration section */
		5E868A7620027FA90000B38C /* Debug */ = {
			isa = XCBuildConfiguration;
			buildSettings = {
				ALWAYS_SEARCH_USER_PATHS = NO;
				CLANG_ANALYZER_NONNULL = YES;
				CLANG_ANALYZER_NUMBER_OBJECT_CONVERSION = YES_AGGRESSIVE;
				CLANG_CXX_LANGUAGE_STANDARD = "gnu++14";
				CLANG_CXX_LIBRARY = "libc++";
				CLANG_ENABLE_MODULES = YES;
				CLANG_ENABLE_OBJC_ARC = YES;
				CLANG_WARN_BLOCK_CAPTURE_AUTORELEASING = YES;
				CLANG_WARN_BOOL_CONVERSION = YES;
				CLANG_WARN_COMMA = YES;
				CLANG_WARN_CONSTANT_CONVERSION = YES;
				CLANG_WARN_DIRECT_OBJC_ISA_USAGE = YES_ERROR;
				CLANG_WARN_DOCUMENTATION_COMMENTS = YES;
				CLANG_WARN_EMPTY_BODY = YES;
				CLANG_WARN_ENUM_CONVERSION = YES;
				CLANG_WARN_INFINITE_RECURSION = YES;
				CLANG_WARN_INT_CONVERSION = YES;
				CLANG_WARN_NON_LITERAL_NULL_CONVERSION = YES;
				CLANG_WARN_OBJC_LITERAL_CONVERSION = YES;
				CLANG_WARN_OBJC_ROOT_CLASS = YES_ERROR;
				CLANG_WARN_RANGE_LOOP_ANALYSIS = YES;
				CLANG_WARN_STRICT_PROTOTYPES = YES;
				CLANG_WARN_SUSPICIOUS_MOVE = YES;
				CLANG_WARN_UNGUARDED_AVAILABILITY = YES_AGGRESSIVE;
				CLANG_WARN_UNREACHABLE_CODE = YES;
				CLANG_WARN__DUPLICATE_METHOD_MATCH = YES;
				CODE_SIGN_IDENTITY = "iPhone Developer";
				COPY_PHASE_STRIP = NO;
				DEBUG_INFORMATION_FORMAT = dwarf;
				ENABLE_STRICT_OBJC_MSGSEND = YES;
				ENABLE_TESTABILITY = YES;
				GCC_C_LANGUAGE_STANDARD = gnu11;
				GCC_DYNAMIC_NO_PIC = NO;
				GCC_NO_COMMON_BLOCKS = YES;
				GCC_OPTIMIZATION_LEVEL = 0;
				GCC_PREPROCESSOR_DEFINITIONS = (
					"DEBUG=1",
					"$(inherited)",
				);
				GCC_WARN_64_TO_32_BIT_CONVERSION = YES;
				GCC_WARN_ABOUT_RETURN_TYPE = YES_ERROR;
				GCC_WARN_UNDECLARED_SELECTOR = YES;
				GCC_WARN_UNINITIALIZED_AUTOS = YES_AGGRESSIVE;
				GCC_WARN_UNUSED_FUNCTION = YES;
				GCC_WARN_UNUSED_VARIABLE = YES;
				IPHONEOS_DEPLOYMENT_TARGET = 11.2;
				MTL_ENABLE_DEBUG_INFO = YES;
				ONLY_ACTIVE_ARCH = YES;
				SDKROOT = iphoneos;
				SWIFT_ACTIVE_COMPILATION_CONDITIONS = DEBUG;
				SWIFT_OPTIMIZATION_LEVEL = "-Onone";
			};
			name = Debug;
		};
		5E868A7720027FA90000B38C /* Release */ = {
			isa = XCBuildConfiguration;
			buildSettings = {
				ALWAYS_SEARCH_USER_PATHS = NO;
				CLANG_ANALYZER_NONNULL = YES;
				CLANG_ANALYZER_NUMBER_OBJECT_CONVERSION = YES_AGGRESSIVE;
				CLANG_CXX_LANGUAGE_STANDARD = "gnu++14";
				CLANG_CXX_LIBRARY = "libc++";
				CLANG_ENABLE_MODULES = YES;
				CLANG_ENABLE_OBJC_ARC = YES;
				CLANG_WARN_BLOCK_CAPTURE_AUTORELEASING = YES;
				CLANG_WARN_BOOL_CONVERSION = YES;
				CLANG_WARN_COMMA = YES;
				CLANG_WARN_CONSTANT_CONVERSION = YES;
				CLANG_WARN_DIRECT_OBJC_ISA_USAGE = YES_ERROR;
				CLANG_WARN_DOCUMENTATION_COMMENTS = YES;
				CLANG_WARN_EMPTY_BODY = YES;
				CLANG_WARN_ENUM_CONVERSION = YES;
				CLANG_WARN_INFINITE_RECURSION = YES;
				CLANG_WARN_INT_CONVERSION = YES;
				CLANG_WARN_NON_LITERAL_NULL_CONVERSION = YES;
				CLANG_WARN_OBJC_LITERAL_CONVERSION = YES;
				CLANG_WARN_OBJC_ROOT_CLASS = YES_ERROR;
				CLANG_WARN_RANGE_LOOP_ANALYSIS = YES;
				CLANG_WARN_STRICT_PROTOTYPES = YES;
				CLANG_WARN_SUSPICIOUS_MOVE = YES;
				CLANG_WARN_UNGUARDED_AVAILABILITY = YES_AGGRESSIVE;
				CLANG_WARN_UNREACHABLE_CODE = YES;
				CLANG_WARN__DUPLICATE_METHOD_MATCH = YES;
				CODE_SIGN_IDENTITY = "iPhone Developer";
				COPY_PHASE_STRIP = NO;
				DEBUG_INFORMATION_FORMAT = "dwarf-with-dsym";
				ENABLE_NS_ASSERTIONS = NO;
				ENABLE_STRICT_OBJC_MSGSEND = YES;
				GCC_C_LANGUAGE_STANDARD = gnu11;
				GCC_NO_COMMON_BLOCKS = YES;
				GCC_WARN_64_TO_32_BIT_CONVERSION = YES;
				GCC_WARN_ABOUT_RETURN_TYPE = YES_ERROR;
				GCC_WARN_UNDECLARED_SELECTOR = YES;
				GCC_WARN_UNINITIALIZED_AUTOS = YES_AGGRESSIVE;
				GCC_WARN_UNUSED_FUNCTION = YES;
				GCC_WARN_UNUSED_VARIABLE = YES;
				IPHONEOS_DEPLOYMENT_TARGET = 11.2;
				MTL_ENABLE_DEBUG_INFO = NO;
				SDKROOT = iphoneos;
				SWIFT_OPTIMIZATION_LEVEL = "-Owholemodule";
				VALIDATE_PRODUCT = YES;
			};
			name = Release;
		};
		5E868A7920027FA90000B38C /* Debug */ = {
			isa = XCBuildConfiguration;
			buildSettings = {
				ASSETCATALOG_COMPILER_APPICON_NAME = AppIcon;
				CODE_SIGN_STYLE = Automatic;
				INFOPLIST_FILE = LongShotApp/Info.plist;
				LD_RUNPATH_SEARCH_PATHS = "$(inherited) @executable_path/Frameworks";
				PRODUCT_BUNDLE_IDENTIFIER = XIO.LongShotApp;
				PRODUCT_NAME = "$(TARGET_NAME)";
				SWIFT_VERSION = 4.0;
				TARGETED_DEVICE_FAMILY = "1,2";
			};
			name = Debug;
		};
		5E868A7A20027FA90000B38C /* Release */ = {
			isa = XCBuildConfiguration;
			buildSettings = {
				ASSETCATALOG_COMPILER_APPICON_NAME = AppIcon;
				CODE_SIGN_STYLE = Automatic;
				INFOPLIST_FILE = LongShotApp/Info.plist;
				LD_RUNPATH_SEARCH_PATHS = "$(inherited) @executable_path/Frameworks";
				PRODUCT_BUNDLE_IDENTIFIER = XIO.LongShotApp;
				PRODUCT_NAME = "$(TARGET_NAME)";
				SWIFT_VERSION = 4.0;
				TARGETED_DEVICE_FAMILY = "1,2";
			};
			name = Release;
		};
/* End XCBuildConfiguration section */

/* Begin XCConfigurationList section */
		5E868A6120027FA90000B38C /* Build configuration list for PBXProject "LongShotApp" */ = {
			isa = XCConfigurationList;
			buildConfigurations = (
				5E868A7620027FA90000B38C /* Debug */,
				5E868A7720027FA90000B38C /* Release */,
			);
			defaultConfigurationIsVisible = 0;
			defaultConfigurationName = Release;
		};
		5E868A7820027FA90000B38C /* Build configuration list for PBXNativeTarget "LongShotApp" */ = {
			isa = XCConfigurationList;
			buildConfigurations = (
				5E868A7920027FA90000B38C /* Debug */,
				5E868A7A20027FA90000B38C /* Release */,
			);
			defaultConfigurationIsVisible = 0;
			defaultConfigurationName = Release;
		};
/* End XCConfigurationList section */
	};
	rootObject = 5E868A5E20027FA90000B38C /* Project object */;
}
